
Microsoft Visual Studio Solution File, Format Version 12.00
# Visual Studio 15
VisualStudioVersion = 15.0.27703.2042
MinimumVisualStudioVersion = 10.0.40219.1
Project("{FAE04EC0-301F-11D3-BF4B-00C04F79EFBC}") = "StockManagement", "StockManagement\StockManagement.csproj", "{E8F0F5D1-FB7D-4CC3-AE3F-2A834C5C0682}"
EndProject
Global
	GlobalSection(SolutionConfigurationPlatforms) = preSolution
		Debug|Any CPU = Debug|Any CPU
		Release|Any CPU = Release|Any CPU
	EndGlobalSection
	GlobalSection(ProjectConfigurationPlatforms) = postSolution
		{E8F0F5D1-FB7D-4CC3-AE3F-2A834C5C0682}.Debug|Any CPU.ActiveCfg = Debug|Any CPU
		{E8F0F5D1-FB7D-4CC3-AE3F-2A834C5C0682}.Debug|Any CPU.Build.0 = Debug|Any CPU
		{E8F0F5D1-FB7D-4CC3-AE3F-2A834C5C0682}.Release|Any CPU.ActiveCfg = Release|Any CPU
		{E8F0F5D1-FB7D-4CC3-AE3F-2A834C5C0682}.Release|Any CPU.Build.0 = Release|Any CPU
	EndGlobalSection
	GlobalSection(SolutionProperties) = preSolution
		HideSolutionNode = FALSE
	EndGlobalSection
	GlobalSection(ExtensibilityGlobals) = postSolution
		SolutionGuid = {9D244B33-27F1-45F9-A9BF-8BED317CFDD7}
	EndGlobalSection
EndGlobal
